
Microsoft Visual Studio Solution File, Format Version 12.00
# Visual Studio Version 17
VisualStudioVersion = 17.0.32112.339
MinimumVisualStudioVersion = 10.0.40219.1
Project("{9A19103F-16F7-4668-BE54-9A1E7A4F7556}") = "CSVImporter", "CSVImporter\CSVImporter.csproj", "{39152B13-034A-43B1-BA0C-B5C141ED0735}"
EndProject
Project("{FAE04EC0-301F-11D3-BF4B-00C04F79EFBC}") = "CSVImporter.UnitTests", "CSVImporter.UnitTests\CSVImporter.UnitTests.csproj", "{D3D7E02C-D9B6-4ED6-9301-5E916F4F3B19}"
EndProject
Global
	GlobalSection(SolutionConfigurationPlatforms) = preSolution
		Debug|Any CPU = Debug|Any CPU
		Release|Any CPU = Release|Any CPU
	EndGlobalSection
	GlobalSection(ProjectConfigurationPlatforms) = postSolution
		{39152B13-034A-43B1-BA0C-B5C141ED0735}.Debug|Any CPU.ActiveCfg = Debug|Any CPU
		{39152B13-034A-43B1-BA0C-B5C141ED0735}.Debug|Any CPU.Build.0 = Debug|Any CPU
		{39152B13-034A-43B1-BA0C-B5C141ED0735}.Release|Any CPU.ActiveCfg = Release|Any CPU
		{39152B13-034A-43B1-BA0C-B5C141ED0735}.Release|Any CPU.Build.0 = Release|Any CPU
		{D3D7E02C-D9B6-4ED6-9301-5E916F4F3B19}.Debug|Any CPU.ActiveCfg = Debug|Any CPU
		{D3D7E02C-D9B6-4ED6-9301-5E916F4F3B19}.Debug|Any CPU.Build.0 = Debug|Any CPU
		{D3D7E02C-D9B6-4ED6-9301-5E916F4F3B19}.Release|Any CPU.ActiveCfg = Release|Any CPU
		{D3D7E02C-D9B6-4ED6-9301-5E916F4F3B19}.Release|Any CPU.Build.0 = Release|Any CPU
	EndGlobalSection
	GlobalSection(SolutionProperties) = preSolution
		HideSolutionNode = FALSE
	EndGlobalSection
	GlobalSection(ExtensibilityGlobals) = postSolution
		SolutionGuid = {B679B3E2-9028-47DC-903E-08A35B6CFCBF}
	EndGlobalSection
EndGlobal
